
Microsoft Visual Studio Solution File, Format Version 12.00
# Visual Studio Version 16
VisualStudioVersion = 16.0.30114.105
MinimumVisualStudioVersion = 10.0.40219.1
Project("{FAE04EC0-301F-11D3-BF4B-00C04F79EFBC}") = "NorthWind.CLI", "NorthWind.CLI\NorthWind.CLI.csproj", "{DD8B24D9-1203-4AD5-BE33-C4ACC17B09A7}"
EndProject
Project("{FAE04EC0-301F-11D3-BF4B-00C04F79EFBC}") = "NorthWind.Data", "NorthWind.Data\NorthWind.Data.csproj", "{39B1F16E-98D2-43E8-89C9-822E8192E6BD}"
EndProject
Project("{FAE04EC0-301F-11D3-BF4B-00C04F79EFBC}") = "NorthWind.Serialization", "NorthWind.Serialization\NorthWind.Serialization.csproj", "{99B02859-D556-4B93-95A5-6960483EFB90}"
EndProject
Global
	GlobalSection(SolutionConfigurationPlatforms) = preSolution
		Debug|Any CPU = Debug|Any CPU
		Debug|x64 = Debug|x64
		Debug|x86 = Debug|x86
		Release|Any CPU = Release|Any CPU
		Release|x64 = Release|x64
		Release|x86 = Release|x86
	EndGlobalSection
	GlobalSection(SolutionProperties) = preSolution
		HideSolutionNode = FALSE
	EndGlobalSection
	GlobalSection(ProjectConfigurationPlatforms) = postSolution
		{DD8B24D9-1203-4AD5-BE33-C4ACC17B09A7}.Debug|Any CPU.ActiveCfg = Debug|Any CPU
		{DD8B24D9-1203-4AD5-BE33-C4ACC17B09A7}.Debug|Any CPU.Build.0 = Debug|Any CPU
		{DD8B24D9-1203-4AD5-BE33-C4ACC17B09A7}.Debug|x64.ActiveCfg = Debug|Any CPU
		{DD8B24D9-1203-4AD5-BE33-C4ACC17B09A7}.Debug|x64.Build.0 = Debug|Any CPU
		{DD8B24D9-1203-4AD5-BE33-C4ACC17B09A7}.Debug|x86.ActiveCfg = Debug|Any CPU
		{DD8B24D9-1203-4AD5-BE33-C4ACC17B09A7}.Debug|x86.Build.0 = Debug|Any CPU
		{DD8B24D9-1203-4AD5-BE33-C4ACC17B09A7}.Release|Any CPU.ActiveCfg = Release|Any CPU
		{DD8B24D9-1203-4AD5-BE33-C4ACC17B09A7}.Release|Any CPU.Build.0 = Release|Any CPU
		{DD8B24D9-1203-4AD5-BE33-C4ACC17B09A7}.Release|x64.ActiveCfg = Release|Any CPU
		{DD8B24D9-1203-4AD5-BE33-C4ACC17B09A7}.Release|x64.Build.0 = Release|Any CPU
		{DD8B24D9-1203-4AD5-BE33-C4ACC17B09A7}.Release|x86.ActiveCfg = Release|Any CPU
		{DD8B24D9-1203-4AD5-BE33-C4ACC17B09A7}.Release|x86.Build.0 = Release|Any CPU
		{39B1F16E-98D2-43E8-89C9-822E8192E6BD}.Debug|Any CPU.ActiveCfg = Debug|Any CPU
		{39B1F16E-98D2-43E8-89C9-822E8192E6BD}.Debug|Any CPU.Build.0 = Debug|Any CPU
		{39B1F16E-98D2-43E8-89C9-822E8192E6BD}.Debug|x64.ActiveCfg = Debug|Any CPU
		{39B1F16E-98D2-43E8-89C9-822E8192E6BD}.Debug|x64.Build.0 = Debug|Any CPU
		{39B1F16E-98D2-43E8-89C9-822E8192E6BD}.Debug|x86.ActiveCfg = Debug|Any CPU
		{39B1F16E-98D2-43E8-89C9-822E8192E6BD}.Debug|x86.Build.0 = Debug|Any CPU
		{39B1F16E-98D2-43E8-89C9-822E8192E6BD}.Release|Any CPU.ActiveCfg = Release|Any CPU
		{39B1F16E-98D2-43E8-89C9-822E8192E6BD}.Release|Any CPU.Build.0 = Release|Any CPU
		{39B1F16E-98D2-43E8-89C9-822E8192E6BD}.Release|x64.ActiveCfg = Release|Any CPU
		{39B1F16E-98D2-43E8-89C9-822E8192E6BD}.Release|x64.Build.0 = Release|Any CPU
		{39B1F16E-98D2-43E8-89C9-822E8192E6BD}.Release|x86.ActiveCfg = Release|Any CPU
		{39B1F16E-98D2-43E8-89C9-822E8192E6BD}.Release|x86.Build.0 = Release|Any CPU
		{99B02859-D556-4B93-95A5-6960483EFB90}.Debug|Any CPU.ActiveCfg = Debug|Any CPU
		{99B02859-D556-4B93-95A5-6960483EFB90}.Debug|Any CPU.Build.0 = Debug|Any CPU
		{99B02859-D556-4B93-95A5-6960483EFB90}.Debug|x64.ActiveCfg = Debug|Any CPU
		{99B02859-D556-4B93-95A5-6960483EFB90}.Debug|x64.Build.0 = Debug|Any CPU
		{99B02859-D556-4B93-95A5-6960483EFB90}.Debug|x86.ActiveCfg = Debug|Any CPU
		{99B02859-D556-4B93-95A5-6960483EFB90}.Debug|x86.Build.0 = Debug|Any CPU
		{99B02859-D556-4B93-95A5-6960483EFB90}.Release|Any CPU.ActiveCfg = Release|Any CPU
		{99B02859-D556-4B93-95A5-6960483EFB90}.Release|Any CPU.Build.0 = Release|Any CPU
		{99B02859-D556-4B93-95A5-6960483EFB90}.Release|x64.ActiveCfg = Release|Any CPU
		{99B02859-D556-4B93-95A5-6960483EFB90}.Release|x64.Build.0 = Release|Any CPU
		{99B02859-D556-4B93-95A5-6960483EFB90}.Release|x86.ActiveCfg = Release|Any CPU
		{99B02859-D556-4B93-95A5-6960483EFB90}.Release|x86.Build.0 = Release|Any CPU
	EndGlobalSection
EndGlobal
